
Microsoft Visual Studio Solution File, Format Version 12.00
# Visual Studio Version 16
VisualStudioVersion = 16.0.31025.194
MinimumVisualStudioVersion = 10.0.40219.1
Project("{FAE04EC0-301F-11D3-BF4B-00C04F79EFBC}") = "cSharpWithBTK", "cSharpWithBTK\cSharpWithBTK.csproj", "{5F3C952E-BA40-4D86-9D94-68E71CB5D7B3}"
EndProject
Project("{FAE04EC0-301F-11D3-BF4B-00C04F79EFBC}") = "Conditionals", "Conditionals\Conditionals.csproj", "{95A27689-66E0-43B2-ADDF-5B6E2EA94D57}"
EndProject
Project("{FAE04EC0-301F-11D3-BF4B-00C04F79EFBC}") = "Methods", "Methods\Methods.csproj", "{A3BFCAC4-88F8-45B1-8AC3-9ACC9A06238C}"
EndProject
Project("{FAE04EC0-301F-11D3-BF4B-00C04F79EFBC}") = "Arrays", "Arrays\Arrays.csproj", "{A9B4488A-C179-4AE2-8F07-9E3FF6347400}"
EndProject
Project("{FAE04EC0-301F-11D3-BF4B-00C04F79EFBC}") = "Loops", "Loops\Loops.csproj", "{5B66B665-BB64-4D80-8FBF-77EDA8911F50}"
EndProject
Project("{FAE04EC0-301F-11D3-BF4B-00C04F79EFBC}") = "Strings", "Strings\Strings.csproj", "{30374F54-B60B-4F0A-8A1D-9DEF97B314B9}"
EndProject
Project("{FAE04EC0-301F-11D3-BF4B-00C04F79EFBC}") = "Classes", "Classes\Classes.csproj", "{9038BECC-5F39-4109-A9F7-88671937FAEB}"
EndProject
Project("{FAE04EC0-301F-11D3-BF4B-00C04F79EFBC}") = "RecapDemo1", "RecapDemo1\RecapDemo1.csproj", "{ABDF24DD-35D9-447F-BE0B-B86DFBF1665D}"
EndProject
Project("{FAE04EC0-301F-11D3-BF4B-00C04F79EFBC}") = "Interfaces", "Interfaces\Interfaces.csproj", "{4A732E0B-45B3-43FC-96A2-6ABBE788902D}"
EndProject
Project("{FAE04EC0-301F-11D3-BF4B-00C04F79EFBC}") = "InterfacesDemo", "InterfacesDemo\InterfacesDemo.csproj", "{A1C8CB47-5747-4DD2-8EF4-DE3511531F55}"
EndProject
Project("{FAE04EC0-301F-11D3-BF4B-00C04F79EFBC}") = "Inheritance", "Inheritance\Inheritance.csproj", "{F85C41FA-EFD7-44B9-8666-AF827B34DA19}"
EndProject
Project("{FAE04EC0-301F-11D3-BF4B-00C04F79EFBC}") = "VirtualMethods", "VirtualMethods\VirtualMethods.csproj", "{F50EE32F-AC64-4DA0-A2AA-98E5D4C0F2DF}"
EndProject
Project("{FAE04EC0-301F-11D3-BF4B-00C04F79EFBC}") = "AbstractClasses", "AbstractClasses\AbstractClasses.csproj", "{2BFEB0A9-C562-4102-A8EB-6CF62C44C2A3}"
EndProject
Project("{FAE04EC0-301F-11D3-BF4B-00C04F79EFBC}") = "RecapDemo2", "RecapDemo2\RecapDemo2.csproj", "{9E8C53CF-5B1D-4658-99E9-40511460A1E0}"
EndProject
Project("{FAE04EC0-301F-11D3-BF4B-00C04F79EFBC}") = "AccessModifiers", "AccessModifiers\AccessModifiers.csproj", "{B1CF6ED7-50DF-42D1-87F1-434303A92FCF}"
EndProject
Project("{FAE04EC0-301F-11D3-BF4B-00C04F79EFBC}") = "AccessModifierDemo", "AccessModifierDemo\AccessModifierDemo.csproj", "{89B980F3-F7C2-4AD4-AB10-8E7855C3243C}"
EndProject
Project("{FAE04EC0-301F-11D3-BF4B-00C04F79EFBC}") = "Constructors", "Constructors\Constructors.csproj", "{5E1DFC83-96E4-4016-A8C8-51429DEC0A79}"
EndProject
Global
	GlobalSection(SolutionConfigurationPlatforms) = preSolution
		Debug|Any CPU = Debug|Any CPU
		Release|Any CPU = Release|Any CPU
	EndGlobalSection
	GlobalSection(ProjectConfigurationPlatforms) = postSolution
		{5F3C952E-BA40-4D86-9D94-68E71CB5D7B3}.Debug|Any CPU.ActiveCfg = Debug|Any CPU
		{5F3C952E-BA40-4D86-9D94-68E71CB5D7B3}.Debug|Any CPU.Build.0 = Debug|Any CPU
		{5F3C952E-BA40-4D86-9D94-68E71CB5D7B3}.Release|Any CPU.ActiveCfg = Release|Any CPU
		{5F3C952E-BA40-4D86-9D94-68E71CB5D7B3}.Release|Any CPU.Build.0 = Release|Any CPU
		{95A27689-66E0-43B2-ADDF-5B6E2EA94D57}.Debug|Any CPU.ActiveCfg = Debug|Any CPU
		{95A27689-66E0-43B2-ADDF-5B6E2EA94D57}.Debug|Any CPU.Build.0 = Debug|Any CPU
		{95A27689-66E0-43B2-ADDF-5B6E2EA94D57}.Release|Any CPU.ActiveCfg = Release|Any CPU
		{95A27689-66E0-43B2-ADDF-5B6E2EA94D57}.Release|Any CPU.Build.0 = Release|Any CPU
		{A3BFCAC4-88F8-45B1-8AC3-9ACC9A06238C}.Debug|Any CPU.ActiveCfg = Debug|Any CPU
		{A3BFCAC4-88F8-45B1-8AC3-9ACC9A06238C}.Debug|Any CPU.Build.0 = Debug|Any CPU
		{A3BFCAC4-88F8-45B1-8AC3-9ACC9A06238C}.Release|Any CPU.ActiveCfg = Release|Any CPU
		{A3BFCAC4-88F8-45B1-8AC3-9ACC9A06238C}.Release|Any CPU.Build.0 = Release|Any CPU
		{A9B4488A-C179-4AE2-8F07-9E3FF6347400}.Debug|Any CPU.ActiveCfg = Debug|Any CPU
		{A9B4488A-C179-4AE2-8F07-9E3FF6347400}.Debug|Any CPU.Build.0 = Debug|Any CPU
		{A9B4488A-C179-4AE2-8F07-9E3FF6347400}.Release|Any CPU.ActiveCfg = Release|Any CPU
		{A9B4488A-C179-4AE2-8F07-9E3FF6347400}.Release|Any CPU.Build.0 = Release|Any CPU
		{5B66B665-BB64-4D80-8FBF-77EDA8911F50}.Debug|Any CPU.ActiveCfg = Debug|Any CPU
		{5B66B665-BB64-4D80-8FBF-77EDA8911F50}.Debug|Any CPU.Build.0 = Debug|Any CPU
		{5B66B665-BB64-4D80-8FBF-77EDA8911F50}.Release|Any CPU.ActiveCfg = Release|Any CPU
		{5B66B665-BB64-4D80-8FBF-77EDA8911F50}.Release|Any CPU.Build.0 = Release|Any CPU
		{30374F54-B60B-4F0A-8A1D-9DEF97B314B9}.Debug|Any CPU.ActiveCfg = Debug|Any CPU
		{30374F54-B60B-4F0A-8A1D-9DEF97B314B9}.Debug|Any CPU.Build.0 = Debug|Any CPU
		{30374F54-B60B-4F0A-8A1D-9DEF97B314B9}.Release|Any CPU.ActiveCfg = Release|Any CPU
		{30374F54-B60B-4F0A-8A1D-9DEF97B314B9}.Release|Any CPU.Build.0 = Release|Any CPU
		{9038BECC-5F39-4109-A9F7-88671937FAEB}.Debug|Any CPU.ActiveCfg = Debug|Any CPU
		{9038BECC-5F39-4109-A9F7-88671937FAEB}.Debug|Any CPU.Build.0 = Debug|Any CPU
		{9038BECC-5F39-4109-A9F7-88671937FAEB}.Release|Any CPU.ActiveCfg = Release|Any CPU
		{9038BECC-5F39-4109-A9F7-88671937FAEB}.Release|Any CPU.Build.0 = Release|Any CPU
		{ABDF24DD-35D9-447F-BE0B-B86DFBF1665D}.Debug|Any CPU.ActiveCfg = Debug|Any CPU
		{ABDF24DD-35D9-447F-BE0B-B86DFBF1665D}.Debug|Any CPU.Build.0 = Debug|Any CPU
		{ABDF24DD-35D9-447F-BE0B-B86DFBF1665D}.Release|Any CPU.ActiveCfg = Release|Any CPU
		{ABDF24DD-35D9-447F-BE0B-B86DFBF1665D}.Release|Any CPU.Build.0 = Release|Any CPU
		{4A732E0B-45B3-43FC-96A2-6ABBE788902D}.Debug|Any CPU.ActiveCfg = Debug|Any CPU
		{4A732E0B-45B3-43FC-96A2-6ABBE788902D}.Debug|Any CPU.Build.0 = Debug|Any CPU
		{4A732E0B-45B3-43FC-96A2-6ABBE788902D}.Release|Any CPU.ActiveCfg = Release|Any CPU
		{4A732E0B-45B3-43FC-96A2-6ABBE788902D}.Release|Any CPU.Build.0 = Release|Any CPU
		{A1C8CB47-5747-4DD2-8EF4-DE3511531F55}.Debug|Any CPU.ActiveCfg = Debug|Any CPU
		{A1C8CB47-5747-4DD2-8EF4-DE3511531F55}.Debug|Any CPU.Build.0 = Debug|Any CPU
		{A1C8CB47-5747-4DD2-8EF4-DE3511531F55}.Release|Any CPU.ActiveCfg = Release|Any CPU
		{A1C8CB47-5747-4DD2-8EF4-DE3511531F55}.Release|Any CPU.Build.0 = Release|Any CPU
		{F85C41FA-EFD7-44B9-8666-AF827B34DA19}.Debug|Any CPU.ActiveCfg = Debug|Any CPU
		{F85C41FA-EFD7-44B9-8666-AF827B34DA19}.Debug|Any CPU.Build.0 = Debug|Any CPU
		{F85C41FA-EFD7-44B9-8666-AF827B34DA19}.Release|Any CPU.ActiveCfg = Release|Any CPU
		{F85C41FA-EFD7-44B9-8666-AF827B34DA19}.Release|Any CPU.Build.0 = Release|Any CPU
		{F50EE32F-AC64-4DA0-A2AA-98E5D4C0F2DF}.Debug|Any CPU.ActiveCfg = Debug|Any CPU
		{F50EE32F-AC64-4DA0-A2AA-98E5D4C0F2DF}.Debug|Any CPU.Build.0 = Debug|Any CPU
		{F50EE32F-AC64-4DA0-A2AA-98E5D4C0F2DF}.Release|Any CPU.ActiveCfg = Release|Any CPU
		{F50EE32F-AC64-4DA0-A2AA-98E5D4C0F2DF}.Release|Any CPU.Build.0 = Release|Any CPU
		{2BFEB0A9-C562-4102-A8EB-6CF62C44C2A3}.Debug|Any CPU.ActiveCfg = Debug|Any CPU
		{2BFEB0A9-C562-4102-A8EB-6CF62C44C2A3}.Debug|Any CPU.Build.0 = Debug|Any CPU
		{2BFEB0A9-C562-4102-A8EB-6CF62C44C2A3}.Release|Any CPU.ActiveCfg = Release|Any CPU
		{2BFEB0A9-C562-4102-A8EB-6CF62C44C2A3}.Release|Any CPU.Build.0 = Release|Any CPU
		{9E8C53CF-5B1D-4658-99E9-40511460A1E0}.Debug|Any CPU.ActiveCfg = Debug|Any CPU
		{9E8C53CF-5B1D-4658-99E9-40511460A1E0}.Debug|Any CPU.Build.0 = Debug|Any CPU
		{9E8C53CF-5B1D-4658-99E9-40511460A1E0}.Release|Any CPU.ActiveCfg = Release|Any CPU
		{9E8C53CF-5B1D-4658-99E9-40511460A1E0}.Release|Any CPU.Build.0 = Release|Any CPU
		{B1CF6ED7-50DF-42D1-87F1-434303A92FCF}.Debug|Any CPU.ActiveCfg = Debug|Any CPU
		{B1CF6ED7-50DF-42D1-87F1-434303A92FCF}.Debug|Any CPU.Build.0 = Debug|Any CPU
		{B1CF6ED7-50DF-42D1-87F1-434303A92FCF}.Release|Any CPU.ActiveCfg = Release|Any CPU
		{B1CF6ED7-50DF-42D1-87F1-434303A92FCF}.Release|Any CPU.Build.0 = Release|Any CPU
		{89B980F3-F7C2-4AD4-AB10-8E7855C3243C}.Debug|Any CPU.ActiveCfg = Debug|Any CPU
		{89B980F3-F7C2-4AD4-AB10-8E7855C3243C}.Debug|Any CPU.Build.0 = Debug|Any CPU
		{89B980F3-F7C2-4AD4-AB10-8E7855C3243C}.Release|Any CPU.ActiveCfg = Release|Any CPU
		{89B980F3-F7C2-4AD4-AB10-8E7855C3243C}.Release|Any CPU.Build.0 = Release|Any CPU
		{5E1DFC83-96E4-4016-A8C8-51429DEC0A79}.Debug|Any CPU.ActiveCfg = Debug|Any CPU
		{5E1DFC83-96E4-4016-A8C8-51429DEC0A79}.Debug|Any CPU.Build.0 = Debug|Any CPU
		{5E1DFC83-96E4-4016-A8C8-51429DEC0A79}.Release|Any CPU.ActiveCfg = Release|Any CPU
		{5E1DFC83-96E4-4016-A8C8-51429DEC0A79}.Release|Any CPU.Build.0 = Release|Any CPU
	EndGlobalSection
	GlobalSection(SolutionProperties) = preSolution
		HideSolutionNode = FALSE
	EndGlobalSection
	GlobalSection(ExtensibilityGlobals) = postSolution
		SolutionGuid = {CB61433A-297D-40D8-81E6-2F11343101B8}
	EndGlobalSection
EndGlobal
